// !$*UTF8*$!
{
	archiveVersion = 1;
	classes = {
	};
	objectVersion = 56;
	objects = {

/* Begin PBXBuildFile section */
		5A3A48882A9F7A4F0094F751 /* TradeCardComponent.swift in Sources */ = {isa = PBXBuildFile; fileRef = 5A3A48872A9F7A4F0094F751 /* TradeCardComponent.swift */; };
		5A3A488A2AA004CF0094F751 /* TagComponent.swift in Sources */ = {isa = PBXBuildFile; fileRef = 5A3A48892AA004CF0094F751 /* TagComponent.swift */; };
		5A5BAF8F2A98EFAD00CBF7E3 /* TradeModel.swift in Sources */ = {isa = PBXBuildFile; fileRef = 5A5BAF8E2A98EFAD00CBF7E3 /* TradeModel.swift */; };
		5A68A7A02AB0955B009637C8 /* EnvelopeFilterView.swift in Sources */ = {isa = PBXBuildFile; fileRef = 5A68A79F2AB0955B009637C8 /* EnvelopeFilterView.swift */; };
		5A8739EE2AA0C235008127A3 /* NewTradeButton.swift in Sources */ = {isa = PBXBuildFile; fileRef = 5A8739ED2AA0C235008127A3 /* NewTradeButton.swift */; };
		5A92C73C2A9CE1C200F9C29A /* ListaCompra.swift in Sources */ = {isa = PBXBuildFile; fileRef = 5A92C73B2A9CE1C200F9C29A /* ListaCompra.swift */; };
		5A92C7412A9E2E7C00F9C29A /* TradeListManager.swift in Sources */ = {isa = PBXBuildFile; fileRef = 5A92C7402A9E2E7C00F9C29A /* TradeListManager.swift */; };
		5AE47BE22AA759ED00EE90D5 /* EnvelopeModel.swift in Sources */ = {isa = PBXBuildFile; fileRef = 5AE47BE12AA759ED00EE90D5 /* EnvelopeModel.swift */; };
		5AE47BE42AA75B2900EE90D5 /* EnvelopeListManager.swift in Sources */ = {isa = PBXBuildFile; fileRef = 5AE47BE32AA75B2900EE90D5 /* EnvelopeListManager.swift */; };
		5AE47BE62AA75BFA00EE90D5 /* ListaEnvelope.swift in Sources */ = {isa = PBXBuildFile; fileRef = 5AE47BE52AA75BFA00EE90D5 /* ListaEnvelope.swift */; };
		5AE47BE92AA8A14600EE90D5 /* Icons.swift in Sources */ = {isa = PBXBuildFile; fileRef = 5AE47BE82AA8A14600EE90D5 /* Icons.swift */; };
		8B4E8EE62A98D9F100D3A6F1 /* KeepiApp.swift in Sources */ = {isa = PBXBuildFile; fileRef = 8B4E8EE52A98D9F100D3A6F1 /* KeepiApp.swift */; };
		8B4E8EE82A98D9F100D3A6F1 /* ContentView.swift in Sources */ = {isa = PBXBuildFile; fileRef = 8B4E8EE72A98D9F100D3A6F1 /* ContentView.swift */; };
		8B4E8EEA2A98D9F200D3A6F1 /* Assets.xcassets in Resources */ = {isa = PBXBuildFile; fileRef = 8B4E8EE92A98D9F200D3A6F1 /* Assets.xcassets */; };
		8B4E8EED2A98D9F200D3A6F1 /* Preview Assets.xcassets in Resources */ = {isa = PBXBuildFile; fileRef = 8B4E8EEC2A98D9F200D3A6F1 /* Preview Assets.xcassets */; };
		8B598DC22A9F7AD500FDA36D /* HomeView.swift in Sources */ = {isa = PBXBuildFile; fileRef = 8B598DC12A9F7AD500FDA36D /* HomeView.swift */; };
		8B598DC42A9F7F4F00FDA36D /* EnvelopeCardView.swift in Sources */ = {isa = PBXBuildFile; fileRef = 8B598DC32A9F7F4F00FDA36D /* EnvelopeCardView.swift */; };
		8B598DC62A9F86CC00FDA36D /* NewEnvelopeButtonView.swift in Sources */ = {isa = PBXBuildFile; fileRef = 8B598DC52A9F86CC00FDA36D /* NewEnvelopeButtonView.swift */; };
		8B68B0EA2AA6020600B32296 /* GoogleService-Info.plist in Resources */ = {isa = PBXBuildFile; fileRef = 8B68B0E92AA6020600B32296 /* GoogleService-Info.plist */; };
		8B91F8012AA591E2005F5728 /* FirebaseAuth in Frameworks */ = {isa = PBXBuildFile; productRef = 8B91F8002AA591E2005F5728 /* FirebaseAuth */; };
		8B91F8032AA591E2005F5728 /* FirebaseAuthCombine-Community in Frameworks */ = {isa = PBXBuildFile; productRef = 8B91F8022AA591E2005F5728 /* FirebaseAuthCombine-Community */; };
		8B91F8052AA591E2005F5728 /* FirebaseFirestore in Frameworks */ = {isa = PBXBuildFile; productRef = 8B91F8042AA591E2005F5728 /* FirebaseFirestore */; };
		8B91F8072AA591E2005F5728 /* FirebaseFirestoreSwift in Frameworks */ = {isa = PBXBuildFile; productRef = 8B91F8062AA591E2005F5728 /* FirebaseFirestoreSwift */; };
		8B91F80B2AA5A3A1005F5728 /* LoginView.swift in Sources */ = {isa = PBXBuildFile; fileRef = 8B91F80A2AA5A3A1005F5728 /* LoginView.swift */; };
		8BB460302AA223BE00258E7F /* NewEnvelopeView.swift in Sources */ = {isa = PBXBuildFile; fileRef = 8BB4602F2AA223BE00258E7F /* NewEnvelopeView.swift */; };
		907FB3DE2AA74EBD000754FA /* Onboarding1View.swift in Sources */ = {isa = PBXBuildFile; fileRef = 907FB3DD2AA74EBD000754FA /* Onboarding1View.swift */; };
		907FB3E02AA75BEB000754FA /* Onboarding2View.swift in Sources */ = {isa = PBXBuildFile; fileRef = 907FB3DF2AA75BEB000754FA /* Onboarding2View.swift */; };
		907FB3E22AA75C0B000754FA /* OnboardingTabView.swift in Sources */ = {isa = PBXBuildFile; fileRef = 907FB3E12AA75C0B000754FA /* OnboardingTabView.swift */; };
		907FB3E42AA7605A000754FA /* Onboarding3View.swift in Sources */ = {isa = PBXBuildFile; fileRef = 907FB3E32AA7605A000754FA /* Onboarding3View.swift */; };
		907FB3E62AA76124000754FA /* Onboarding4View.swift in Sources */ = {isa = PBXBuildFile; fileRef = 907FB3E52AA76124000754FA /* Onboarding4View.swift */; };
		A73161B62AA215B4003CB8F9 /* EditTradeView.swift in Sources */ = {isa = PBXBuildFile; fileRef = A73161B52AA215B4003CB8F9 /* EditTradeView.swift */; };
		A745E5522A9E32CC00240832 /* Feeling.swift in Sources */ = {isa = PBXBuildFile; fileRef = A745E5512A9E32CC00240832 /* Feeling.swift */; };
		A745E5542A9E354300240832 /* Tags.swift in Sources */ = {isa = PBXBuildFile; fileRef = A745E5532A9E354300240832 /* Tags.swift */; };
		A745E5562A9F7B8C00240832 /* NewTradeView.swift in Sources */ = {isa = PBXBuildFile; fileRef = A745E5552A9F7B8C00240832 /* NewTradeView.swift */; };
/* End PBXBuildFile section */

/* Begin PBXFileReference section */
		5A3A48872A9F7A4F0094F751 /* TradeCardComponent.swift */ = {isa = PBXFileReference; lastKnownFileType = sourcecode.swift; path = TradeCardComponent.swift; sourceTree = "<group>"; };
		5A3A48892AA004CF0094F751 /* TagComponent.swift */ = {isa = PBXFileReference; lastKnownFileType = sourcecode.swift; path = TagComponent.swift; sourceTree = "<group>"; };
		5A5BAF8E2A98EFAD00CBF7E3 /* TradeModel.swift */ = {isa = PBXFileReference; lastKnownFileType = sourcecode.swift; path = TradeModel.swift; sourceTree = "<group>"; };
		5A68A79F2AB0955B009637C8 /* EnvelopeFilterView.swift */ = {isa = PBXFileReference; lastKnownFileType = sourcecode.swift; path = EnvelopeFilterView.swift; sourceTree = "<group>"; };
		5A8739ED2AA0C235008127A3 /* NewTradeButton.swift */ = {isa = PBXFileReference; lastKnownFileType = sourcecode.swift; path = NewTradeButton.swift; sourceTree = "<group>"; };
		5A92C73B2A9CE1C200F9C29A /* ListaCompra.swift */ = {isa = PBXFileReference; lastKnownFileType = sourcecode.swift; path = ListaCompra.swift; sourceTree = "<group>"; };
		5A92C7402A9E2E7C00F9C29A /* TradeListManager.swift */ = {isa = PBXFileReference; lastKnownFileType = sourcecode.swift; path = TradeListManager.swift; sourceTree = "<group>"; };
		5AE47BE12AA759ED00EE90D5 /* EnvelopeModel.swift */ = {isa = PBXFileReference; lastKnownFileType = sourcecode.swift; path = EnvelopeModel.swift; sourceTree = "<group>"; };
		5AE47BE32AA75B2900EE90D5 /* EnvelopeListManager.swift */ = {isa = PBXFileReference; lastKnownFileType = sourcecode.swift; path = EnvelopeListManager.swift; sourceTree = "<group>"; };
		5AE47BE52AA75BFA00EE90D5 /* ListaEnvelope.swift */ = {isa = PBXFileReference; lastKnownFileType = sourcecode.swift; path = ListaEnvelope.swift; sourceTree = "<group>"; };
		5AE47BE82AA8A14600EE90D5 /* Icons.swift */ = {isa = PBXFileReference; lastKnownFileType = sourcecode.swift; path = Icons.swift; sourceTree = "<group>"; };
		8B4E8EE22A98D9F100D3A6F1 /* Keepi.app */ = {isa = PBXFileReference; explicitFileType = wrapper.application; includeInIndex = 0; path = Keepi.app; sourceTree = BUILT_PRODUCTS_DIR; };
		8B4E8EE52A98D9F100D3A6F1 /* KeepiApp.swift */ = {isa = PBXFileReference; lastKnownFileType = sourcecode.swift; path = KeepiApp.swift; sourceTree = "<group>"; };
		8B4E8EE72A98D9F100D3A6F1 /* ContentView.swift */ = {isa = PBXFileReference; lastKnownFileType = sourcecode.swift; path = ContentView.swift; sourceTree = "<group>"; };
		8B4E8EE92A98D9F200D3A6F1 /* Assets.xcassets */ = {isa = PBXFileReference; lastKnownFileType = folder.assetcatalog; path = Assets.xcassets; sourceTree = "<group>"; };
		8B4E8EEC2A98D9F200D3A6F1 /* Preview Assets.xcassets */ = {isa = PBXFileReference; lastKnownFileType = folder.assetcatalog; path = "Preview Assets.xcassets"; sourceTree = "<group>"; };
		8B598DC12A9F7AD500FDA36D /* HomeView.swift */ = {isa = PBXFileReference; lastKnownFileType = sourcecode.swift; path = HomeView.swift; sourceTree = "<group>"; };
		8B598DC32A9F7F4F00FDA36D /* EnvelopeCardView.swift */ = {isa = PBXFileReference; lastKnownFileType = sourcecode.swift; path = EnvelopeCardView.swift; sourceTree = "<group>"; };
		8B598DC52A9F86CC00FDA36D /* NewEnvelopeButtonView.swift */ = {isa = PBXFileReference; lastKnownFileType = sourcecode.swift; path = NewEnvelopeButtonView.swift; sourceTree = "<group>"; };
		8B68B0E92AA6020600B32296 /* GoogleService-Info.plist */ = {isa = PBXFileReference; fileEncoding = 4; lastKnownFileType = text.plist.xml; path = "GoogleService-Info.plist"; sourceTree = "<group>"; };
		8B91F80A2AA5A3A1005F5728 /* LoginView.swift */ = {isa = PBXFileReference; lastKnownFileType = sourcecode.swift; path = LoginView.swift; sourceTree = "<group>"; };
		8BB4602F2AA223BE00258E7F /* NewEnvelopeView.swift */ = {isa = PBXFileReference; lastKnownFileType = sourcecode.swift; path = NewEnvelopeView.swift; sourceTree = "<group>"; };
		907FB3DD2AA74EBD000754FA /* Onboarding1View.swift */ = {isa = PBXFileReference; lastKnownFileType = sourcecode.swift; path = Onboarding1View.swift; sourceTree = "<group>"; };
		907FB3DF2AA75BEB000754FA /* Onboarding2View.swift */ = {isa = PBXFileReference; lastKnownFileType = sourcecode.swift; path = Onboarding2View.swift; sourceTree = "<group>"; };
		907FB3E12AA75C0B000754FA /* OnboardingTabView.swift */ = {isa = PBXFileReference; lastKnownFileType = sourcecode.swift; path = OnboardingTabView.swift; sourceTree = "<group>"; };
		907FB3E32AA7605A000754FA /* Onboarding3View.swift */ = {isa = PBXFileReference; lastKnownFileType = sourcecode.swift; path = Onboarding3View.swift; sourceTree = "<group>"; };
		907FB3E52AA76124000754FA /* Onboarding4View.swift */ = {isa = PBXFileReference; lastKnownFileType = sourcecode.swift; path = Onboarding4View.swift; sourceTree = "<group>"; };
		A73161B52AA215B4003CB8F9 /* EditTradeView.swift */ = {isa = PBXFileReference; lastKnownFileType = sourcecode.swift; path = EditTradeView.swift; sourceTree = "<group>"; };
		A745E5512A9E32CC00240832 /* Feeling.swift */ = {isa = PBXFileReference; lastKnownFileType = sourcecode.swift; path = Feeling.swift; sourceTree = "<group>"; };
		A745E5532A9E354300240832 /* Tags.swift */ = {isa = PBXFileReference; lastKnownFileType = sourcecode.swift; path = Tags.swift; sourceTree = "<group>"; };
		A745E5552A9F7B8C00240832 /* NewTradeView.swift */ = {isa = PBXFileReference; lastKnownFileType = sourcecode.swift; path = NewTradeView.swift; sourceTree = "<group>"; };
/* End PBXFileReference section */

/* Begin PBXFrameworksBuildPhase section */
		8B4E8EDF2A98D9F100D3A6F1 /* Frameworks */ = {
			isa = PBXFrameworksBuildPhase;
			buildActionMask = 2147483647;
			files = (
				8B91F8012AA591E2005F5728 /* FirebaseAuth in Frameworks */,
				8B91F8032AA591E2005F5728 /* FirebaseAuthCombine-Community in Frameworks */,
				8B91F8052AA591E2005F5728 /* FirebaseFirestore in Frameworks */,
				8B91F8072AA591E2005F5728 /* FirebaseFirestoreSwift in Frameworks */,
			);
			runOnlyForDeploymentPostprocessing = 0;
		};
/* End PBXFrameworksBuildPhase section */

/* Begin PBXGroup section */
		5A92C73D2A9CE2B500F9C29A /* Componentes */ = {
			isa = PBXGroup;
			children = (
				5A92C73B2A9CE1C200F9C29A /* ListaCompra.swift */,
				5A3A48872A9F7A4F0094F751 /* TradeCardComponent.swift */,
				5A3A48892AA004CF0094F751 /* TagComponent.swift */,
				5A8739ED2AA0C235008127A3 /* NewTradeButton.swift */,
				5AE47BE52AA75BFA00EE90D5 /* ListaEnvelope.swift */,
			);
			path = Componentes;
			sourceTree = "<group>";
		};
		5A92C73E2A9CE2C200F9C29A /* Modelos */ = {
			isa = PBXGroup;
			children = (
				5A5BAF8E2A98EFAD00CBF7E3 /* TradeModel.swift */,
				5AE47BE12AA759ED00EE90D5 /* EnvelopeModel.swift */,
			);
			path = Modelos;
			sourceTree = "<group>";
		};
		5A92C73F2A9CE2D600F9C29A /* Views */ = {
			isa = PBXGroup;
			children = (
				8B598DC52A9F86CC00FDA36D /* NewEnvelopeButtonView.swift */,
				8B598DC12A9F7AD500FDA36D /* HomeView.swift */,
				8B598DC32A9F7F4F00FDA36D /* EnvelopeCardView.swift */,
				A745E5552A9F7B8C00240832 /* NewTradeView.swift */,
				A73161B52AA215B4003CB8F9 /* EditTradeView.swift */,
				8BB4602F2AA223BE00258E7F /* NewEnvelopeView.swift */,
				8B91F80A2AA5A3A1005F5728 /* LoginView.swift */,
				5A68A79F2AB0955B009637C8 /* EnvelopeFilterView.swift */,
			);
			path = Views;
			sourceTree = "<group>";
		};
		5AB3E7D32A9F5C2400935335 /* Managers */ = {
			isa = PBXGroup;
			children = (
				5A92C7402A9E2E7C00F9C29A /* TradeListManager.swift */,
				5AE47BE32AA75B2900EE90D5 /* EnvelopeListManager.swift */,
			);
			path = Managers;
			sourceTree = "<group>";
		};
		8B4E8ED92A98D9F100D3A6F1 = {
			isa = PBXGroup;
			children = (
				8B4E8EE42A98D9F100D3A6F1 /* Keepi */,
				8B4E8EE32A98D9F100D3A6F1 /* Products */,
			);
			sourceTree = "<group>";
		};
		8B4E8EE32A98D9F100D3A6F1 /* Products */ = {
			isa = PBXGroup;
			children = (
				8B4E8EE22A98D9F100D3A6F1 /* Keepi.app */,
			);
			name = Products;
			sourceTree = "<group>";
		};
		8B4E8EE42A98D9F100D3A6F1 /* Keepi */ = {
			isa = PBXGroup;
			children = (
				907FB3DC2AA74E1D000754FA /* Onboarding */,
				A745E5502A9E328500240832 /* Classes */,
				5AB3E7D32A9F5C2400935335 /* Managers */,
				5A92C73D2A9CE2B500F9C29A /* Componentes */,
				5A92C73E2A9CE2C200F9C29A /* Modelos */,
				5A92C73F2A9CE2D600F9C29A /* Views */,
				8B4E8EE52A98D9F100D3A6F1 /* KeepiApp.swift */,
				8B4E8EE72A98D9F100D3A6F1 /* ContentView.swift */,
				8B4E8EE92A98D9F200D3A6F1 /* Assets.xcassets */,
				8B68B0E92AA6020600B32296 /* GoogleService-Info.plist */,
				8B4E8EEB2A98D9F200D3A6F1 /* Preview Content */,
			);
			path = Keepi;
			sourceTree = "<group>";
		};
		8B4E8EEB2A98D9F200D3A6F1 /* Preview Content */ = {
			isa = PBXGroup;
			children = (
				8B4E8EEC2A98D9F200D3A6F1 /* Preview Assets.xcassets */,
			);
			path = "Preview Content";
			sourceTree = "<group>";
		};
		907FB3DC2AA74E1D000754FA /* Onboarding */ = {
			isa = PBXGroup;
			children = (
				907FB3E12AA75C0B000754FA /* OnboardingTabView.swift */,
				907FB3DD2AA74EBD000754FA /* Onboarding1View.swift */,
				907FB3DF2AA75BEB000754FA /* Onboarding2View.swift */,
				907FB3E32AA7605A000754FA /* Onboarding3View.swift */,
				907FB3E52AA76124000754FA /* Onboarding4View.swift */,
			);
			path = Onboarding;
			sourceTree = "<group>";
		};
		A745E5502A9E328500240832 /* Classes */ = {
			isa = PBXGroup;
			children = (
				A745E5532A9E354300240832 /* Tags.swift */,
				A745E5512A9E32CC00240832 /* Feeling.swift */,
				5AE47BE82AA8A14600EE90D5 /* Icons.swift */,
			);
			path = Classes;
			sourceTree = "<group>";
		};
/* End PBXGroup section */

/* Begin PBXNativeTarget section */
		8B4E8EE12A98D9F100D3A6F1 /* Keepi */ = {
			isa = PBXNativeTarget;
			buildConfigurationList = 8B4E8EF02A98D9F200D3A6F1 /* Build configuration list for PBXNativeTarget "Keepi" */;
			buildPhases = (
				8B4E8EDE2A98D9F100D3A6F1 /* Sources */,
				8B4E8EDF2A98D9F100D3A6F1 /* Frameworks */,
				8B4E8EE02A98D9F100D3A6F1 /* Resources */,
			);
			buildRules = (
			);
			dependencies = (
			);
			name = Keepi;
			packageProductDependencies = (
				8B91F8002AA591E2005F5728 /* FirebaseAuth */,
				8B91F8022AA591E2005F5728 /* FirebaseAuthCombine-Community */,
				8B91F8042AA591E2005F5728 /* FirebaseFirestore */,
				8B91F8062AA591E2005F5728 /* FirebaseFirestoreSwift */,
			);
			productName = Keepi;
			productReference = 8B4E8EE22A98D9F100D3A6F1 /* Keepi.app */;
			productType = "com.apple.product-type.application";
		};
/* End PBXNativeTarget section */

/* Begin PBXProject section */
		8B4E8EDA2A98D9F100D3A6F1 /* Project object */ = {
			isa = PBXProject;
			attributes = {
				BuildIndependentTargetsInParallel = 1;
				LastSwiftUpdateCheck = 1430;
				LastUpgradeCheck = 1430;
				TargetAttributes = {
					8B4E8EE12A98D9F100D3A6F1 = {
						CreatedOnToolsVersion = 14.3;
					};
				};
			};
			buildConfigurationList = 8B4E8EDD2A98D9F100D3A6F1 /* Build configuration list for PBXProject "Keepi" */;
			compatibilityVersion = "Xcode 14.0";
			developmentRegion = en;
			hasScannedForEncodings = 0;
			knownRegions = (
				en,
				Base,
			);
			mainGroup = 8B4E8ED92A98D9F100D3A6F1;
			packageReferences = (
				8B91F7FF2AA591E2005F5728 /* XCRemoteSwiftPackageReference "firebase-ios-sdk" */,
			);
			productRefGroup = 8B4E8EE32A98D9F100D3A6F1 /* Products */;
			projectDirPath = "";
			projectRoot = "";
			targets = (
				8B4E8EE12A98D9F100D3A6F1 /* Keepi */,
			);
		};
/* End PBXProject section */

/* Begin PBXResourcesBuildPhase section */
		8B4E8EE02A98D9F100D3A6F1 /* Resources */ = {
			isa = PBXResourcesBuildPhase;
			buildActionMask = 2147483647;
			files = (
				8B4E8EED2A98D9F200D3A6F1 /* Preview Assets.xcassets in Resources */,
				8B4E8EEA2A98D9F200D3A6F1 /* Assets.xcassets in Resources */,
				8B68B0EA2AA6020600B32296 /* GoogleService-Info.plist in Resources */,
			);
			runOnlyForDeploymentPostprocessing = 0;
		};
/* End PBXResourcesBuildPhase section */

/* Begin PBXSourcesBuildPhase section */
		8B4E8EDE2A98D9F100D3A6F1 /* Sources */ = {
			isa = PBXSourcesBuildPhase;
			buildActionMask = 2147483647;
			files = (
				907FB3E02AA75BEB000754FA /* Onboarding2View.swift in Sources */,
				8B598DC42A9F7F4F00FDA36D /* EnvelopeCardView.swift in Sources */,
				5AE47BE42AA75B2900EE90D5 /* EnvelopeListManager.swift in Sources */,
				5AE47BE22AA759ED00EE90D5 /* EnvelopeModel.swift in Sources */,
				8B598DC22A9F7AD500FDA36D /* HomeView.swift in Sources */,
				5A3A488A2AA004CF0094F751 /* TagComponent.swift in Sources */,
				907FB3E62AA76124000754FA /* Onboarding4View.swift in Sources */,
				8B598DC42A9F7F4F00FDA36D /* EnvelopeCardView.swift in Sources */,
				907FB3E22AA75C0B000754FA /* OnboardingTabView.swift in Sources */,
				8B598DC22A9F7AD500FDA36D /* HomeView.swift in Sources */,
				907FB3DE2AA74EBD000754FA /* Onboarding1View.swift in Sources */,
				5A8739EE2AA0C235008127A3 /* NewTradeButton.swift in Sources */,
				A745E5542A9E354300240832 /* Tags.swift in Sources */,
				A745E5522A9E32CC00240832 /* Feeling.swift in Sources */,
				8B4E8EE82A98D9F100D3A6F1 /* ContentView.swift in Sources */,
				A745E5562A9F7B8C00240832 /* NewTradeView.swift in Sources */,
				A73161B62AA215B4003CB8F9 /* EditTradeView.swift in Sources */,
				5A92C73C2A9CE1C200F9C29A /* ListaCompra.swift in Sources */,
				5A3A48882A9F7A4F0094F751 /* TradeCardComponent.swift in Sources */,
				5A92C7412A9E2E7C00F9C29A /* TradeListManager.swift in Sources */,
				907FB3E42AA7605A000754FA /* Onboarding3View.swift in Sources */,
				8B598DC62A9F86CC00FDA36D /* NewEnvelopeButtonView.swift in Sources */,
				8BB460302AA223BE00258E7F /* NewEnvelopeView.swift in Sources */,
				8B4E8EE62A98D9F100D3A6F1 /* KeepiApp.swift in Sources */,
				5AE47BE62AA75BFA00EE90D5 /* ListaEnvelope.swift in Sources */,
				8B91F80B2AA5A3A1005F5728 /* LoginView.swift in Sources */,
				5A5BAF8F2A98EFAD00CBF7E3 /* TradeModel.swift in Sources */,
				5A68A7A02AB0955B009637C8 /* EnvelopeFilterView.swift in Sources */,
				5AE47BE92AA8A14600EE90D5 /* Icons.swift in Sources */,
			);
			runOnlyForDeploymentPostprocessing = 0;
		};
/* End PBXSourcesBuildPhase section */

/* Begin XCBuildConfiguration section */
		8B4E8EEE2A98D9F200D3A6F1 /* Debug */ = {
			isa = XCBuildConfiguration;
			buildSettings = {
				ALWAYS_SEARCH_USER_PATHS = NO;
				CLANG_ANALYZER_NONNULL = YES;
				CLANG_ANALYZER_NUMBER_OBJECT_CONVERSION = YES_AGGRESSIVE;
				CLANG_CXX_LANGUAGE_STANDARD = "gnu++20";
				CLANG_ENABLE_MODULES = YES;
				CLANG_ENABLE_OBJC_ARC = YES;
				CLANG_ENABLE_OBJC_WEAK = YES;
				CLANG_WARN_BLOCK_CAPTURE_AUTORELEASING = YES;
				CLANG_WARN_BOOL_CONVERSION = YES;
				CLANG_WARN_COMMA = YES;
				CLANG_WARN_CONSTANT_CONVERSION = YES;
				CLANG_WARN_DEPRECATED_OBJC_IMPLEMENTATIONS = YES;
				CLANG_WARN_DIRECT_OBJC_ISA_USAGE = YES_ERROR;
				CLANG_WARN_DOCUMENTATION_COMMENTS = YES;
				CLANG_WARN_EMPTY_BODY = YES;
				CLANG_WARN_ENUM_CONVERSION = YES;
				CLANG_WARN_INFINITE_RECURSION = YES;
				CLANG_WARN_INT_CONVERSION = YES;
				CLANG_WARN_NON_LITERAL_NULL_CONVERSION = YES;
				CLANG_WARN_OBJC_IMPLICIT_RETAIN_SELF = YES;
				CLANG_WARN_OBJC_LITERAL_CONVERSION = YES;
				CLANG_WARN_OBJC_ROOT_CLASS = YES_ERROR;
				CLANG_WARN_QUOTED_INCLUDE_IN_FRAMEWORK_HEADER = YES;
				CLANG_WARN_RANGE_LOOP_ANALYSIS = YES;
				CLANG_WARN_STRICT_PROTOTYPES = YES;
				CLANG_WARN_SUSPICIOUS_MOVE = YES;
				CLANG_WARN_UNGUARDED_AVAILABILITY = YES_AGGRESSIVE;
				CLANG_WARN_UNREACHABLE_CODE = YES;
				CLANG_WARN__DUPLICATE_METHOD_MATCH = YES;
				COPY_PHASE_STRIP = NO;
				DEBUG_INFORMATION_FORMAT = dwarf;
				ENABLE_STRICT_OBJC_MSGSEND = YES;
				ENABLE_TESTABILITY = YES;
				GCC_C_LANGUAGE_STANDARD = gnu11;
				GCC_DYNAMIC_NO_PIC = NO;
				GCC_NO_COMMON_BLOCKS = YES;
				GCC_OPTIMIZATION_LEVEL = 0;
				GCC_PREPROCESSOR_DEFINITIONS = (
					"DEBUG=1",
					"$(inherited)",
				);
				GCC_WARN_64_TO_32_BIT_CONVERSION = YES;
				GCC_WARN_ABOUT_RETURN_TYPE = YES_ERROR;
				GCC_WARN_UNDECLARED_SELECTOR = YES;
				GCC_WARN_UNINITIALIZED_AUTOS = YES_AGGRESSIVE;
				GCC_WARN_UNUSED_FUNCTION = YES;
				GCC_WARN_UNUSED_VARIABLE = YES;
				IPHONEOS_DEPLOYMENT_TARGET = 16.4;
				MTL_ENABLE_DEBUG_INFO = INCLUDE_SOURCE;
				MTL_FAST_MATH = YES;
				ONLY_ACTIVE_ARCH = YES;
				SDKROOT = iphoneos;
				SWIFT_ACTIVE_COMPILATION_CONDITIONS = DEBUG;
				SWIFT_OPTIMIZATION_LEVEL = "-Onone";
			};
			name = Debug;
		};
		8B4E8EEF2A98D9F200D3A6F1 /* Release */ = {
			isa = XCBuildConfiguration;
			buildSettings = {
				ALWAYS_SEARCH_USER_PATHS = NO;
				CLANG_ANALYZER_NONNULL = YES;
				CLANG_ANALYZER_NUMBER_OBJECT_CONVERSION = YES_AGGRESSIVE;
				CLANG_CXX_LANGUAGE_STANDARD = "gnu++20";
				CLANG_ENABLE_MODULES = YES;
				CLANG_ENABLE_OBJC_ARC = YES;
				CLANG_ENABLE_OBJC_WEAK = YES;
				CLANG_WARN_BLOCK_CAPTURE_AUTORELEASING = YES;
				CLANG_WARN_BOOL_CONVERSION = YES;
				CLANG_WARN_COMMA = YES;
				CLANG_WARN_CONSTANT_CONVERSION = YES;
				CLANG_WARN_DEPRECATED_OBJC_IMPLEMENTATIONS = YES;
				CLANG_WARN_DIRECT_OBJC_ISA_USAGE = YES_ERROR;
				CLANG_WARN_DOCUMENTATION_COMMENTS = YES;
				CLANG_WARN_EMPTY_BODY = YES;
				CLANG_WARN_ENUM_CONVERSION = YES;
				CLANG_WARN_INFINITE_RECURSION = YES;
				CLANG_WARN_INT_CONVERSION = YES;
				CLANG_WARN_NON_LITERAL_NULL_CONVERSION = YES;
				CLANG_WARN_OBJC_IMPLICIT_RETAIN_SELF = YES;
				CLANG_WARN_OBJC_LITERAL_CONVERSION = YES;
				CLANG_WARN_OBJC_ROOT_CLASS = YES_ERROR;
				CLANG_WARN_QUOTED_INCLUDE_IN_FRAMEWORK_HEADER = YES;
				CLANG_WARN_RANGE_LOOP_ANALYSIS = YES;
				CLANG_WARN_STRICT_PROTOTYPES = YES;
				CLANG_WARN_SUSPICIOUS_MOVE = YES;
				CLANG_WARN_UNGUARDED_AVAILABILITY = YES_AGGRESSIVE;
				CLANG_WARN_UNREACHABLE_CODE = YES;
				CLANG_WARN__DUPLICATE_METHOD_MATCH = YES;
				COPY_PHASE_STRIP = NO;
				DEBUG_INFORMATION_FORMAT = "dwarf-with-dsym";
				ENABLE_NS_ASSERTIONS = NO;
				ENABLE_STRICT_OBJC_MSGSEND = YES;
				GCC_C_LANGUAGE_STANDARD = gnu11;
				GCC_NO_COMMON_BLOCKS = YES;
				GCC_WARN_64_TO_32_BIT_CONVERSION = YES;
				GCC_WARN_ABOUT_RETURN_TYPE = YES_ERROR;
				GCC_WARN_UNDECLARED_SELECTOR = YES;
				GCC_WARN_UNINITIALIZED_AUTOS = YES_AGGRESSIVE;
				GCC_WARN_UNUSED_FUNCTION = YES;
				GCC_WARN_UNUSED_VARIABLE = YES;
				IPHONEOS_DEPLOYMENT_TARGET = 16.4;
				MTL_ENABLE_DEBUG_INFO = NO;
				MTL_FAST_MATH = YES;
				SDKROOT = iphoneos;
				SWIFT_COMPILATION_MODE = wholemodule;
				SWIFT_OPTIMIZATION_LEVEL = "-O";
				VALIDATE_PRODUCT = YES;
			};
			name = Release;
		};
		8B4E8EF12A98D9F200D3A6F1 /* Debug */ = {
			isa = XCBuildConfiguration;
			buildSettings = {
				ASSETCATALOG_COMPILER_APPICON_NAME = AppIcon;
				ASSETCATALOG_COMPILER_GLOBAL_ACCENT_COLOR_NAME = AccentColor;
				CODE_SIGN_STYLE = Automatic;
				CURRENT_PROJECT_VERSION = 1;
				DEVELOPMENT_ASSET_PATHS = "\"Keepi/Preview Content\"";
				DEVELOPMENT_TEAM = JZNPKB7CRS;
				ENABLE_PREVIEWS = YES;
				GENERATE_INFOPLIST_FILE = YES;
				INFOPLIST_KEY_UIApplicationSceneManifest_Generation = YES;
				INFOPLIST_KEY_UIApplicationSupportsIndirectInputEvents = YES;
				INFOPLIST_KEY_UILaunchScreen_Generation = YES;
				INFOPLIST_KEY_UISupportedInterfaceOrientations_iPad = "UIInterfaceOrientationPortrait UIInterfaceOrientationPortraitUpsideDown UIInterfaceOrientationLandscapeLeft UIInterfaceOrientationLandscapeRight";
				INFOPLIST_KEY_UISupportedInterfaceOrientations_iPhone = "UIInterfaceOrientationPortrait UIInterfaceOrientationLandscapeLeft UIInterfaceOrientationLandscapeRight";
				LD_RUNPATH_SEARCH_PATHS = (
					"$(inherited)",
					"@executable_path/Frameworks",
				);
				MARKETING_VERSION = 1.0;
				PRODUCT_BUNDLE_IDENTIFIER = candidohdiego.Keepi;
				PRODUCT_NAME = "$(TARGET_NAME)";
				SWIFT_EMIT_LOC_STRINGS = YES;
				SWIFT_VERSION = 5.0;
				TARGETED_DEVICE_FAMILY = "1,2";
			};
			name = Debug;
		};
		8B4E8EF22A98D9F200D3A6F1 /* Release */ = {
			isa = XCBuildConfiguration;
			buildSettings = {
				ASSETCATALOG_COMPILER_APPICON_NAME = AppIcon;
				ASSETCATALOG_COMPILER_GLOBAL_ACCENT_COLOR_NAME = AccentColor;
				CODE_SIGN_STYLE = Automatic;
				CURRENT_PROJECT_VERSION = 1;
				DEVELOPMENT_ASSET_PATHS = "\"Keepi/Preview Content\"";
				DEVELOPMENT_TEAM = JZNPKB7CRS;
				ENABLE_PREVIEWS = YES;
				GENERATE_INFOPLIST_FILE = YES;
				INFOPLIST_KEY_UIApplicationSceneManifest_Generation = YES;
				INFOPLIST_KEY_UIApplicationSupportsIndirectInputEvents = YES;
				INFOPLIST_KEY_UILaunchScreen_Generation = YES;
				INFOPLIST_KEY_UISupportedInterfaceOrientations_iPad = "UIInterfaceOrientationPortrait UIInterfaceOrientationPortraitUpsideDown UIInterfaceOrientationLandscapeLeft UIInterfaceOrientationLandscapeRight";
				INFOPLIST_KEY_UISupportedInterfaceOrientations_iPhone = "UIInterfaceOrientationPortrait UIInterfaceOrientationLandscapeLeft UIInterfaceOrientationLandscapeRight";
				LD_RUNPATH_SEARCH_PATHS = (
					"$(inherited)",
					"@executable_path/Frameworks",
				);
				MARKETING_VERSION = 1.0;
				PRODUCT_BUNDLE_IDENTIFIER = candidohdiego.Keepi;
				PRODUCT_NAME = "$(TARGET_NAME)";
				SWIFT_EMIT_LOC_STRINGS = YES;
				SWIFT_VERSION = 5.0;
				TARGETED_DEVICE_FAMILY = "1,2";
			};
			name = Release;
		};
/* End XCBuildConfiguration section */

/* Begin XCConfigurationList section */
		8B4E8EDD2A98D9F100D3A6F1 /* Build configuration list for PBXProject "Keepi" */ = {
			isa = XCConfigurationList;
			buildConfigurations = (
				8B4E8EEE2A98D9F200D3A6F1 /* Debug */,
				8B4E8EEF2A98D9F200D3A6F1 /* Release */,
			);
			defaultConfigurationIsVisible = 0;
			defaultConfigurationName = Release;
		};
		8B4E8EF02A98D9F200D3A6F1 /* Build configuration list for PBXNativeTarget "Keepi" */ = {
			isa = XCConfigurationList;
			buildConfigurations = (
				8B4E8EF12A98D9F200D3A6F1 /* Debug */,
				8B4E8EF22A98D9F200D3A6F1 /* Release */,
			);
			defaultConfigurationIsVisible = 0;
			defaultConfigurationName = Release;
		};
/* End XCConfigurationList section */

/* Begin XCRemoteSwiftPackageReference section */
		8B91F7FF2AA591E2005F5728 /* XCRemoteSwiftPackageReference "firebase-ios-sdk" */ = {
			isa = XCRemoteSwiftPackageReference;
			repositoryURL = "https://github.com/firebase/firebase-ios-sdk";
			requirement = {
				kind = upToNextMajorVersion;
				minimumVersion = 10.0.0;
			};
		};
/* End XCRemoteSwiftPackageReference section */

/* Begin XCSwiftPackageProductDependency section */
		8B91F8002AA591E2005F5728 /* FirebaseAuth */ = {
			isa = XCSwiftPackageProductDependency;
			package = 8B91F7FF2AA591E2005F5728 /* XCRemoteSwiftPackageReference "firebase-ios-sdk" */;
			productName = FirebaseAuth;
		};
		8B91F8022AA591E2005F5728 /* FirebaseAuthCombine-Community */ = {
			isa = XCSwiftPackageProductDependency;
			package = 8B91F7FF2AA591E2005F5728 /* XCRemoteSwiftPackageReference "firebase-ios-sdk" */;
			productName = "FirebaseAuthCombine-Community";
		};
		8B91F8042AA591E2005F5728 /* FirebaseFirestore */ = {
			isa = XCSwiftPackageProductDependency;
			package = 8B91F7FF2AA591E2005F5728 /* XCRemoteSwiftPackageReference "firebase-ios-sdk" */;
			productName = FirebaseFirestore;
		};
		8B91F8062AA591E2005F5728 /* FirebaseFirestoreSwift */ = {
			isa = XCSwiftPackageProductDependency;
			package = 8B91F7FF2AA591E2005F5728 /* XCRemoteSwiftPackageReference "firebase-ios-sdk" */;
			productName = FirebaseFirestoreSwift;
		};
/* End XCSwiftPackageProductDependency section */
	};
	rootObject = 8B4E8EDA2A98D9F100D3A6F1 /* Project object */;
}
